
Microsoft Visual Studio Solution File, Format Version 12.00
# Visual Studio 2013
VisualStudioVersion = 12.0.21005.1
MinimumVisualStudioVersion = 10.0.40219.1
Project("{FAE04EC0-301F-11D3-BF4B-00C04F79EFBC}") = "MonteCarloPi", "MonteCarloPi\MonteCarloPi.csproj", "{ABFE5815-E68E-4C8C-9404-3DB95DBEE640}"
EndProject
Global
	GlobalSection(SolutionConfigurationPlatforms) = preSolution
		Debug|Any CPU = Debug|Any CPU
		Release|Any CPU = Release|Any CPU
	EndGlobalSection
	GlobalSection(ProjectConfigurationPlatforms) = postSolution
		{ABFE5815-E68E-4C8C-9404-3DB95DBEE640}.Debug|Any CPU.ActiveCfg = Debug|Any CPU
		{ABFE5815-E68E-4C8C-9404-3DB95DBEE640}.Debug|Any CPU.Build.0 = Debug|Any CPU
		{ABFE5815-E68E-4C8C-9404-3DB95DBEE640}.Release|Any CPU.ActiveCfg = Release|Any CPU
		{ABFE5815-E68E-4C8C-9404-3DB95DBEE640}.Release|Any CPU.Build.0 = Release|Any CPU
	EndGlobalSection
	GlobalSection(SolutionProperties) = preSolution
		HideSolutionNode = FALSE
	EndGlobalSection
EndGlobal
